{
  "version": 4,
  "terraform_version": "1.11.3",
  "serial": 9,
  "lineage": "c4fa26ce-d692-146c-5e66-fced362f23d2",
  "outputs": {
    "UsersTable": {
      "value": "ws-serverless-patterns_Users",
      "type": "string"
    },
    "userfunctions_lambda": {
      "value": "ws-serverless-patterns_userfunctions_lambda",
      "type": "string"
    }
  },
  "resources": [
    {
      "mode": "data",
      "type": "archive_file",
      "name": "userfunctions_lambda_zip",
      "provider": "provider[\"registry.terraform.io/hashicorp/archive\"]",
      "instances": [
        {
          "schema_version": 0,
          "attributes": {
            "exclude_symlink_directories": null,
            "excludes": null,
            "id": "acc91ab0226a37ae52d756833c0916f792772a0a",
            "output_base64sha256": "/v1+gK+T4UmarffUSq5qsS9Het2K7n4RarBwK929/vY=",
            "output_base64sha512": "4I6l7dPVzZnwceESRXlMzLnFSaNuRWKxTK66ErQW44sOkr7bNELcftPP9PFkOKsQ2H+x8M2rmKX9+/+/pc6jLw==",
            "output_file_mode": null,
            "output_md5": "6b3a45b4cd46170af6ab523f5ad9a81c",
            "output_path": "/tmp/userfunctions_lambda.zip",
            "output_sha": "acc91ab0226a37ae52d756833c0916f792772a0a",
            "output_sha256": "fefd7e80af93e1499aadf7d44aae6ab12f477add8aee7e116ab0702bddbdfef6",
            "output_sha512": "e08ea5edd3d5cd99f071e11245794cccb9c549a36e4562b14caeba12b416e38b0e92bedb3442dc7ed3cff4f16438ab10d87fb1f0cdab98a5fdfbffbfa5cea32f",
            "output_size": 19714325,
            "source": [],
            "source_content": null,
            "source_content_filename": null,
            "source_dir": "src/users/",
            "source_file": null,
            "type": "zip"
          },
          "sensitive_attributes": []
        }
      ]
    },
    {
      "mode": "data",
      "type": "aws_caller_identity",
      "name": "current",
      "provider": "provider[\"registry.terraform.io/hashicorp/aws\"]",
      "instances": [
        {
          "schema_version": 0,
          "attributes": {
            "account_id": "703815153181",
            "arn": "arn:aws:sts::703815153181:assumed-role/vscode-server-VSCodeInstanceRole-VUejtvKNilfY/i-01f2d5d44c87337ec",
            "id": "703815153181",
            "user_id": "AROA2HXVG6YOSDFFTD3Z5:i-01f2d5d44c87337ec"
          },
          "sensitive_attributes": []
        }
      ]
    },
    {
      "mode": "data",
      "type": "aws_region",
      "name": "current",
      "provider": "provider[\"registry.terraform.io/hashicorp/aws\"]",
      "instances": [
        {
          "schema_version": 0,
          "attributes": {
            "description": "US East (N. Virginia)",
            "endpoint": "ec2.us-east-1.amazonaws.com",
            "id": "us-east-1",
            "name": "us-east-1"
          },
          "sensitive_attributes": []
        }
      ]
    },
    {
      "mode": "managed",
      "type": "aws_dynamodb_table",
      "name": "users_table",
      "provider": "provider[\"registry.terraform.io/hashicorp/aws\"]",
      "instances": [
        {
          "schema_version": 1,
          "attributes": {
            "arn": "arn:aws:dynamodb:us-east-1:703815153181:table/ws-serverless-patterns_Users",
            "attribute": [
              {
                "name": "userid",
                "type": "S"
              }
            ],
            "billing_mode": "PAY_PER_REQUEST",
            "deletion_protection_enabled": false,
            "global_secondary_index": [],
            "hash_key": "userid",
            "id": "ws-serverless-patterns_Users",
            "import_table": [],
            "local_secondary_index": [],
            "name": "ws-serverless-patterns_Users",
            "on_demand_throughput": [],
            "point_in_time_recovery": [
              {
                "enabled": false
              }
            ],
            "range_key": null,
            "read_capacity": 0,
            "replica": [],
            "restore_date_time": null,
            "restore_source_name": null,
            "restore_source_table_arn": null,
            "restore_to_latest_time": null,
            "server_side_encryption": [],
            "stream_arn": "",
            "stream_enabled": false,
            "stream_label": "",
            "stream_view_type": "",
            "table_class": "STANDARD",
            "tags": {},
            "tags_all": {},
            "timeouts": null,
            "ttl": [
              {
                "attribute_name": "",
                "enabled": false
              }
            ],
            "write_capacity": 0
          },
          "sensitive_attributes": [],
          "private": "eyJlMmJmYjczMC1lY2FhLTExZTYtOGY4OC0zNDM2M2JjN2M0YzAiOnsiY3JlYXRlIjoxODAwMDAwMDAwMDAwLCJkZWxldGUiOjYwMDAwMDAwMDAwMCwidXBkYXRlIjozNjAwMDAwMDAwMDAwfSwic2NoZW1hX3ZlcnNpb24iOiIxIn0="
        }
      ]
    },
    {
      "mode": "managed",
      "type": "aws_iam_policy",
      "name": "userfunctions_lambda_role_policy",
      "provider": "provider[\"registry.terraform.io/hashicorp/aws\"]",
      "instances": [
        {
          "schema_version": 0,
          "attributes": {
            "arn": "arn:aws:iam::703815153181:policy/ws-serverless-patterns_userfunctions_lambda_role_policy",
            "attachment_count": 0,
            "description": "Lambda function policy",
            "id": "arn:aws:iam::703815153181:policy/ws-serverless-patterns_userfunctions_lambda_role_policy",
            "name": "ws-serverless-patterns_userfunctions_lambda_role_policy",
            "name_prefix": "",
            "path": "/",
            "policy": "{\"Statement\":[{\"Action\":[\"dynamodb:GetItem\",\"dynamodb:DeleteItem\",\"dynamodb:PutItem\",\"dynamodb:Scan\",\"dynamodb:Query\",\"dynamodb:UpdateItem\",\"dynamodb:BatchWriteItem\",\"dynamodb:BatchGetItem\",\"dynamodb:DescribeTable\",\"dynamodb:ConditionCheckItem\"],\"Effect\":\"Allow\",\"Resource\":\"arn:*:dynamodb:us-east-1:703815153181:table/ws-serverless-patterns_Users\"},{\"Action\":[\"logs:*\"],\"Effect\":\"Allow\",\"Resource\":\"*\"},{\"Action\":[\"xray:*\"],\"Effect\":\"Allow\",\"Resource\":\"*\"}],\"Version\":\"2012-10-17\"}",
            "policy_id": "ANPA2HXVG6YO7ZD6WFLUC",
            "tags": null,
            "tags_all": {}
          },
          "sensitive_attributes": [],
          "private": "bnVsbA==",
          "dependencies": [
            "aws_dynamodb_table.users_table",
            "data.aws_caller_identity.current"
          ]
        }
      ]
    },
    {
      "mode": "managed",
      "type": "aws_iam_policy_attachment",
      "name": "userfunctions_lambda_attach",
      "provider": "provider[\"registry.terraform.io/hashicorp/aws\"]",
      "instances": [
        {
          "schema_version": 0,
          "attributes": {
            "groups": null,
            "id": "ws-serverless-patterns_userfunctions_lambda_attachment",
            "name": "ws-serverless-patterns_userfunctions_lambda_attachment",
            "policy_arn": "arn:aws:iam::703815153181:policy/ws-serverless-patterns_userfunctions_lambda_role_policy",
            "roles": [
              "ws-serverless-patterns_userfunctions_lambda_role"
            ],
            "users": null
          },
          "sensitive_attributes": [],
          "private": "bnVsbA==",
          "dependencies": [
            "aws_dynamodb_table.users_table",
            "aws_iam_policy.userfunctions_lambda_role_policy",
            "aws_iam_role.userfunctions_lambda_role",
            "data.aws_caller_identity.current"
          ]
        }
      ]
    },
    {
      "mode": "managed",
      "type": "aws_iam_role",
      "name": "userfunctions_lambda_role",
      "provider": "provider[\"registry.terraform.io/hashicorp/aws\"]",
      "instances": [
        {
          "schema_version": 0,
          "attributes": {
            "arn": "arn:aws:iam::703815153181:role/ws-serverless-patterns_userfunctions_lambda_role",
            "assume_role_policy": "{\"Statement\":[{\"Action\":\"sts:AssumeRole\",\"Effect\":\"Allow\",\"Principal\":{\"Service\":\"lambda.amazonaws.com\"}}],\"Version\":\"2012-10-17\"}",
            "create_date": "2025-04-01T20:20:37Z",
            "description": "Lambda function IAM role",
            "force_detach_policies": false,
            "id": "ws-serverless-patterns_userfunctions_lambda_role",
            "inline_policy": [],
            "managed_policy_arns": [],
            "max_session_duration": 3600,
            "name": "ws-serverless-patterns_userfunctions_lambda_role",
            "name_prefix": "",
            "path": "/",
            "permissions_boundary": "",
            "tags": null,
            "tags_all": {},
            "unique_id": "AROA2HXVG6YO2HSGXXRQO"
          },
          "sensitive_attributes": [],
          "private": "bnVsbA=="
        }
      ]
    },
    {
      "mode": "managed",
      "type": "aws_lambda_function",
      "name": "userfunctions_lambda",
      "provider": "provider[\"registry.terraform.io/hashicorp/aws\"]",
      "instances": [
        {
          "schema_version": 0,
          "attributes": {
            "architectures": [
              "x86_64"
            ],
            "arn": "arn:aws:lambda:us-east-1:703815153181:function:ws-serverless-patterns_userfunctions_lambda",
            "code_sha256": "/v1+gK+T4UmarffUSq5qsS9Het2K7n4RarBwK929/vY=",
            "code_signing_config_arn": "",
            "dead_letter_config": [],
            "description": "Handler for all users related operations",
            "environment": [
              {
                "variables": {
                  "USERS_TABLE": "ws-serverless-patterns_Users"
                }
              }
            ],
            "ephemeral_storage": [
              {
                "size": 512
              }
            ],
            "file_system_config": [],
            "filename": "/tmp/userfunctions_lambda.zip",
            "function_name": "ws-serverless-patterns_userfunctions_lambda",
            "handler": "lambda_function.lambda_handler",
            "id": "ws-serverless-patterns_userfunctions_lambda",
            "image_config": [],
            "image_uri": "",
            "invoke_arn": "arn:aws:apigateway:us-east-1:lambda:path/2015-03-31/functions/arn:aws:lambda:us-east-1:703815153181:function:ws-serverless-patterns_userfunctions_lambda/invocations",
            "kms_key_arn": "",
            "last_modified": "2025-04-01T20:20:45.718+0000",
            "layers": null,
            "logging_config": [
              {
                "application_log_level": "",
                "log_format": "Text",
                "log_group": "/aws/lambda/ws-serverless-patterns_userfunctions_lambda",
                "system_log_level": ""
              }
            ],
            "memory_size": 128,
            "package_type": "Zip",
            "publish": false,
            "qualified_arn": "arn:aws:lambda:us-east-1:703815153181:function:ws-serverless-patterns_userfunctions_lambda:$LATEST",
            "qualified_invoke_arn": "arn:aws:apigateway:us-east-1:lambda:path/2015-03-31/functions/arn:aws:lambda:us-east-1:703815153181:function:ws-serverless-patterns_userfunctions_lambda:$LATEST/invocations",
            "replace_security_groups_on_destroy": null,
            "replacement_security_group_ids": null,
            "reserved_concurrent_executions": -1,
            "role": "arn:aws:iam::703815153181:role/ws-serverless-patterns_userfunctions_lambda_role",
            "runtime": "python3.10",
            "s3_bucket": null,
            "s3_key": null,
            "s3_object_version": null,
            "signing_job_arn": "",
            "signing_profile_version_arn": "",
            "skip_destroy": false,
            "snap_start": [],
            "source_code_hash": "/v1+gK+T4UmarffUSq5qsS9Het2K7n4RarBwK929/vY=",
            "source_code_size": 19714325,
            "tags": null,
            "tags_all": {},
            "timeout": 100,
            "timeouts": null,
            "tracing_config": [
              {
                "mode": "Active"
              }
            ],
            "version": "$LATEST",
            "vpc_config": []
          },
          "sensitive_attributes": [],
          "private": "eyJlMmJmYjczMC1lY2FhLTExZTYtOGY4OC0zNDM2M2JjN2M0YzAiOnsiY3JlYXRlIjo2MDAwMDAwMDAwMDAsImRlbGV0ZSI6NjAwMDAwMDAwMDAwLCJ1cGRhdGUiOjYwMDAwMDAwMDAwMH19",
          "dependencies": [
            "aws_dynamodb_table.users_table",
            "aws_iam_role.userfunctions_lambda_role",
            "data.archive_file.userfunctions_lambda_zip",
            "null_resource.build_dependencies"
          ]
        }
      ]
    },
    {
      "mode": "managed",
      "type": "null_resource",
      "name": "build_dependencies",
      "provider": "provider[\"registry.terraform.io/hashicorp/null\"]",
      "instances": [
        {
          "schema_version": 0,
          "attributes": {
            "id": "4607338717259221904",
            "triggers": {
              "dependencies": "10d93d56590f4ca8d35b0391545257a5",
              "source": "976e4a6b868c8c27dc7b60bf61cae730"
            }
          },
          "sensitive_attributes": []
        }
      ]
    }
  ],
  "check_results": null
}
