{
  "version": 4,
  "terraform_version": "1.11.3",
  "serial": 23,
  "lineage": "c4fa26ce-d692-146c-5e66-fced362f23d2",
  "outputs": {
    "APIEndpoint": {
      "value": "https://i3ijrb2ei6.execute-api.us-east-1.amazonaws.com/Prod",
      "type": "string"
    },
    "CognitoAuthCommand": {
      "value": "aws cognito-idp initiate-auth --auth-flow USER_PASSWORD_AUTH --client-id 4nt2nlj8lci4uqk9240i4o30gt --region us-east-1 --auth-parameters USERNAME=\u003cuser@example.com\u003e,PASSWORD=\u003cpassword\u003e",
      "type": "string"
    },
    "CognitoLoginURL": {
      "value": "https://4nt2nlj8lci4uqk9240i4o30gt.auth.us-east-1.amazoncognito.com/login?client_id=4nt2nlj8lci4uqk9240i4o30gt\u0026response_type=code\u0026redirect_uri=http://localhost",
      "type": "string"
    },
    "UserPool": {
      "value": "us-east-1_VdgqnrMfx",
      "type": "string"
    },
    "UserPoolAdminGroupName": {
      "value": "apiAdmins",
      "type": "string"
    },
    "UserPoolClient": {
      "value": "4nt2nlj8lci4uqk9240i4o30gt",
      "type": "string"
    },
    "UsersTable": {
      "value": "ws-serverless-patterns_Users",
      "type": "string"
    },
    "userfunctions_lambda": {
      "value": "ws-serverless-patterns_userfunctions_lambda",
      "type": "string"
    }
  },
  "resources": [
    {
      "mode": "data",
      "type": "archive_file",
      "name": "userfunctions_lambda_zip",
      "provider": "provider[\"registry.terraform.io/hashicorp/archive\"]",
      "instances": [
        {
          "schema_version": 0,
          "attributes": {
            "exclude_symlink_directories": null,
            "excludes": null,
            "id": "acc91ab0226a37ae52d756833c0916f792772a0a",
            "output_base64sha256": "/v1+gK+T4UmarffUSq5qsS9Het2K7n4RarBwK929/vY=",
            "output_base64sha512": "4I6l7dPVzZnwceESRXlMzLnFSaNuRWKxTK66ErQW44sOkr7bNELcftPP9PFkOKsQ2H+x8M2rmKX9+/+/pc6jLw==",
            "output_file_mode": null,
            "output_md5": "6b3a45b4cd46170af6ab523f5ad9a81c",
            "output_path": "/tmp/userfunctions_lambda.zip",
            "output_sha": "acc91ab0226a37ae52d756833c0916f792772a0a",
            "output_sha256": "fefd7e80af93e1499aadf7d44aae6ab12f477add8aee7e116ab0702bddbdfef6",
            "output_sha512": "e08ea5edd3d5cd99f071e11245794cccb9c549a36e4562b14caeba12b416e38b0e92bedb3442dc7ed3cff4f16438ab10d87fb1f0cdab98a5fdfbffbfa5cea32f",
            "output_size": 19714325,
            "source": [],
            "source_content": null,
            "source_content_filename": null,
            "source_dir": "src/users/",
            "source_file": null,
            "type": "zip"
          },
          "sensitive_attributes": []
        }
      ]
    },
    {
      "mode": "data",
      "type": "aws_caller_identity",
      "name": "current",
      "provider": "provider[\"registry.terraform.io/hashicorp/aws\"]",
      "instances": [
        {
          "schema_version": 0,
          "attributes": {
            "account_id": "703815153181",
            "arn": "arn:aws:sts::703815153181:assumed-role/vscode-server-VSCodeInstanceRole-VUejtvKNilfY/i-01f2d5d44c87337ec",
            "id": "703815153181",
            "user_id": "AROA2HXVG6YOSDFFTD3Z5:i-01f2d5d44c87337ec"
          },
          "sensitive_attributes": []
        }
      ]
    },
    {
      "mode": "data",
      "type": "aws_region",
      "name": "current",
      "provider": "provider[\"registry.terraform.io/hashicorp/aws\"]",
      "instances": [
        {
          "schema_version": 0,
          "attributes": {
            "description": "US East (N. Virginia)",
            "endpoint": "ec2.us-east-1.amazonaws.com",
            "id": "us-east-1",
            "name": "us-east-1"
          },
          "sensitive_attributes": []
        }
      ]
    },
    {
      "mode": "managed",
      "type": "aws_api_gateway_deployment",
      "name": "rest_api",
      "provider": "provider[\"registry.terraform.io/hashicorp/aws\"]",
      "instances": [
        {
          "schema_version": 0,
          "attributes": {
            "canary_settings": [],
            "created_date": "2025-04-01T20:53:09Z",
            "description": "",
            "execution_arn": "arn:aws:execute-api:us-east-1:703815153181:i3ijrb2ei6/",
            "id": "3b3w23",
            "invoke_url": "https://i3ijrb2ei6.execute-api.us-east-1.amazonaws.com/",
            "rest_api_id": "i3ijrb2ei6",
            "stage_description": null,
            "stage_name": null,
            "triggers": {
              "redeployment": "f202a8302d9b890fc2ae7688350edd4dffac9445"
            },
            "variables": null
          },
          "sensitive_attributes": [],
          "private": "bnVsbA==",
          "dependencies": [
            "aws_api_gateway_rest_api.rest_api",
            "aws_dynamodb_table.users_table",
            "aws_iam_role.userfunctions_lambda_role",
            "aws_lambda_function.userfunctions_lambda",
            "data.archive_file.userfunctions_lambda_zip",
            "null_resource.build_dependencies"
          ],
          "create_before_destroy": true
        }
      ]
    },
    {
      "mode": "managed",
      "type": "aws_api_gateway_rest_api",
      "name": "rest_api",
      "provider": "provider[\"registry.terraform.io/hashicorp/aws\"]",
      "instances": [
        {
          "schema_version": 0,
          "attributes": {
            "api_key_source": "HEADER",
            "arn": "arn:aws:apigateway:us-east-1::/restapis/i3ijrb2ei6",
            "binary_media_types": [],
            "body": "{\"info\":{\"title\":\"rest_api\",\"version\":\"1.0\"},\"openapi\":\"3.0.1\",\"paths\":{\"/users\":{\"get\":{\"security\":[{\"lambdaTokenAuthorizer\":[]}],\"x-amazon-apigateway-integration\":{\"httpMethod\":\"POST\",\"type\":\"aws_proxy\",\"uri\":\"arn:aws:apigateway:us-east-1:lambda:path/2015-03-31/functions/arn:aws:lambda:us-east-1:703815153181:function:ws-serverless-patterns_userfunctions_lambda/invocations\"}},\"post\":{\"security\":[{\"lambdaTokenAuthorizer\":[]}],\"x-amazon-apigateway-integration\":{\"httpMethod\":\"POST\",\"type\":\"aws_proxy\",\"uri\":\"arn:aws:apigateway:us-east-1:lambda:path/2015-03-31/functions/arn:aws:lambda:us-east-1:703815153181:function:ws-serverless-patterns_userfunctions_lambda/invocations\"}}},\"/users/{userid}\":{\"delete\":{\"security\":[{\"lambdaTokenAuthorizer\":[]}],\"x-amazon-apigateway-integration\":{\"httpMethod\":\"POST\",\"type\":\"aws_proxy\",\"uri\":\"arn:aws:apigateway:us-east-1:lambda:path/2015-03-31/functions/arn:aws:lambda:us-east-1:703815153181:function:ws-serverless-patterns_userfunctions_lambda/invocations\"}},\"get\":{\"security\":[{\"lambdaTokenAuthorizer\":[]}],\"x-amazon-apigateway-integration\":{\"httpMethod\":\"POST\",\"type\":\"aws_proxy\",\"uri\":\"arn:aws:apigateway:us-east-1:lambda:path/2015-03-31/functions/arn:aws:lambda:us-east-1:703815153181:function:ws-serverless-patterns_userfunctions_lambda/invocations\"}},\"put\":{\"security\":[{\"lambdaTokenAuthorizer\":[]}],\"x-amazon-apigateway-integration\":{\"httpMethod\":\"POST\",\"type\":\"aws_proxy\",\"uri\":\"arn:aws:apigateway:us-east-1:lambda:path/2015-03-31/functions/arn:aws:lambda:us-east-1:703815153181:function:ws-serverless-patterns_userfunctions_lambda/invocations\"}},\"security\":[{\"lambdaTokenAuthorizer\":[]}]}}}",
            "created_date": "2025-04-01T20:32:34Z",
            "description": "",
            "disable_execute_api_endpoint": false,
            "endpoint_configuration": [
              {
                "types": [
                  "REGIONAL"
                ],
                "vpc_endpoint_ids": []
              }
            ],
            "execution_arn": "arn:aws:execute-api:us-east-1:703815153181:i3ijrb2ei6",
            "fail_on_warnings": null,
            "id": "i3ijrb2ei6",
            "minimum_compression_size": "",
            "name": "ws-serverless-patterns_rest_api",
            "parameters": null,
            "policy": "",
            "put_rest_api_mode": null,
            "root_resource_id": "t4p9nffglf",
            "tags": {},
            "tags_all": {}
          },
          "sensitive_attributes": [],
          "private": "bnVsbA==",
          "dependencies": [
            "aws_dynamodb_table.users_table",
            "aws_iam_role.userfunctions_lambda_role",
            "aws_lambda_function.userfunctions_lambda",
            "data.archive_file.userfunctions_lambda_zip",
            "null_resource.build_dependencies"
          ],
          "create_before_destroy": true
        }
      ]
    },
    {
      "mode": "managed",
      "type": "aws_api_gateway_stage",
      "name": "rest_api",
      "provider": "provider[\"registry.terraform.io/hashicorp/aws\"]",
      "instances": [
        {
          "schema_version": 0,
          "attributes": {
            "access_log_settings": [],
            "arn": "arn:aws:apigateway:us-east-1::/restapis/i3ijrb2ei6/stages/Prod",
            "cache_cluster_enabled": false,
            "cache_cluster_size": "",
            "canary_settings": [],
            "client_certificate_id": "",
            "deployment_id": "3b3w23",
            "description": "",
            "documentation_version": "",
            "execution_arn": "arn:aws:execute-api:us-east-1:703815153181:i3ijrb2ei6/Prod",
            "id": "ags-i3ijrb2ei6-Prod",
            "invoke_url": "https://i3ijrb2ei6.execute-api.us-east-1.amazonaws.com/Prod",
            "rest_api_id": "i3ijrb2ei6",
            "stage_name": "Prod",
            "tags": {},
            "tags_all": {},
            "variables": {},
            "web_acl_arn": "",
            "xray_tracing_enabled": true
          },
          "sensitive_attributes": [],
          "private": "bnVsbA==",
          "dependencies": [
            "aws_api_gateway_deployment.rest_api",
            "aws_api_gateway_rest_api.rest_api",
            "aws_dynamodb_table.users_table",
            "aws_iam_role.userfunctions_lambda_role",
            "aws_lambda_function.userfunctions_lambda",
            "data.archive_file.userfunctions_lambda_zip",
            "null_resource.build_dependencies"
          ]
        }
      ]
    },
    {
      "mode": "managed",
      "type": "aws_cognito_user_group",
      "name": "api_administrator_user_pool_group",
      "provider": "provider[\"registry.terraform.io/hashicorp/aws\"]",
      "instances": [
        {
          "schema_version": 0,
          "attributes": {
            "description": "User group for API Administrators",
            "id": "us-east-1_VdgqnrMfx/apiAdmins",
            "name": "apiAdmins",
            "precedence": 0,
            "role_arn": "",
            "user_pool_id": "us-east-1_VdgqnrMfx"
          },
          "sensitive_attributes": [],
          "private": "bnVsbA==",
          "dependencies": [
            "aws_cognito_user_pool.user_pool"
          ]
        }
      ]
    },
    {
      "mode": "managed",
      "type": "aws_cognito_user_pool",
      "name": "user_pool",
      "provider": "provider[\"registry.terraform.io/hashicorp/aws\"]",
      "instances": [
        {
          "schema_version": 0,
          "attributes": {
            "account_recovery_setting": [
              {
                "recovery_mechanism": [
                  {
                    "name": "verified_email",
                    "priority": 1
                  },
                  {
                    "name": "verified_phone_number",
                    "priority": 2
                  }
                ]
              }
            ],
            "admin_create_user_config": [
              {
                "allow_admin_create_user_only": false,
                "invite_message_template": []
              }
            ],
            "alias_attributes": null,
            "arn": "arn:aws:cognito-idp:us-east-1:703815153181:userpool/us-east-1_VdgqnrMfx",
            "auto_verified_attributes": [
              "email"
            ],
            "creation_date": "2025-04-01T20:53:09Z",
            "custom_domain": "",
            "deletion_protection": "INACTIVE",
            "device_configuration": [],
            "domain": "",
            "email_configuration": [
              {
                "configuration_set": "",
                "email_sending_account": "COGNITO_DEFAULT",
                "from_email_address": "",
                "reply_to_email_address": "",
                "source_arn": ""
              }
            ],
            "email_mfa_configuration": [],
            "email_verification_message": "",
            "email_verification_subject": "",
            "endpoint": "cognito-idp.us-east-1.amazonaws.com/us-east-1_VdgqnrMfx",
            "estimated_number_of_users": 0,
            "id": "us-east-1_VdgqnrMfx",
            "lambda_config": [],
            "last_modified_date": "2025-04-01T20:53:09Z",
            "mfa_configuration": "OFF",
            "name": "ws-serverless-patterns_UserPool",
            "password_policy": [
              {
                "minimum_length": 8,
                "password_history_size": 0,
                "require_lowercase": true,
                "require_numbers": true,
                "require_symbols": true,
                "require_uppercase": true,
                "temporary_password_validity_days": 7
              }
            ],
            "schema": [
              {
                "attribute_data_type": "String",
                "developer_only_attribute": null,
                "mutable": true,
                "name": "email",
                "number_attribute_constraints": [],
                "required": true,
                "string_attribute_constraints": []
              },
              {
                "attribute_data_type": "String",
                "developer_only_attribute": null,
                "mutable": true,
                "name": "name",
                "number_attribute_constraints": [],
                "required": true,
                "string_attribute_constraints": []
              }
            ],
            "sign_in_policy": [
              {
                "allowed_first_auth_factors": [
                  "PASSWORD"
                ]
              }
            ],
            "sms_authentication_message": "",
            "sms_configuration": [],
            "sms_verification_message": "",
            "software_token_mfa_configuration": [],
            "tags": {
              "Name": "User Pool"
            },
            "tags_all": {
              "Name": "User Pool"
            },
            "user_attribute_update_settings": [],
            "user_pool_add_ons": [],
            "user_pool_tier": "ESSENTIALS",
            "username_attributes": [
              "email"
            ],
            "username_configuration": [],
            "verification_message_template": [
              {
                "default_email_option": "CONFIRM_WITH_CODE",
                "email_message": "",
                "email_message_by_link": "",
                "email_subject": "",
                "email_subject_by_link": "",
                "sms_message": ""
              }
            ],
            "web_authn_configuration": []
          },
          "sensitive_attributes": [],
          "private": "bnVsbA=="
        }
      ]
    },
    {
      "mode": "managed",
      "type": "aws_cognito_user_pool_client",
      "name": "user_pool_client",
      "provider": "provider[\"registry.terraform.io/hashicorp/aws\"]",
      "instances": [
        {
          "schema_version": 0,
          "attributes": {
            "access_token_validity": 0,
            "allowed_oauth_flows": [
              "code"
            ],
            "allowed_oauth_flows_user_pool_client": true,
            "allowed_oauth_scopes": [
              "email",
              "openid"
            ],
            "analytics_configuration": [],
            "auth_session_validity": 3,
            "callback_urls": [
              "http://localhost"
            ],
            "client_secret": "",
            "default_redirect_uri": "",
            "enable_propagate_additional_user_context_data": false,
            "enable_token_revocation": true,
            "explicit_auth_flows": [
              "ALLOW_REFRESH_TOKEN_AUTH",
              "ALLOW_USER_PASSWORD_AUTH",
              "ALLOW_USER_SRP_AUTH"
            ],
            "generate_secret": false,
            "id": "4nt2nlj8lci4uqk9240i4o30gt",
            "id_token_validity": 0,
            "logout_urls": [],
            "name": "ws-serverless-patterns_UserPoolClient",
            "prevent_user_existence_errors": "ENABLED",
            "read_attributes": [],
            "refresh_token_validity": 30,
            "supported_identity_providers": [
              "COGNITO"
            ],
            "token_validity_units": [],
            "user_pool_id": "us-east-1_VdgqnrMfx",
            "write_attributes": []
          },
          "sensitive_attributes": [
            [
              {
                "type": "get_attr",
                "value": "client_secret"
              }
            ]
          ],
          "dependencies": [
            "aws_cognito_user_pool.user_pool"
          ]
        }
      ]
    },
    {
      "mode": "managed",
      "type": "aws_cognito_user_pool_domain",
      "name": "user_pool_domain",
      "provider": "provider[\"registry.terraform.io/hashicorp/aws\"]",
      "instances": [
        {
          "schema_version": 0,
          "attributes": {
            "aws_account_id": "703815153181",
            "certificate_arn": "",
            "cloudfront_distribution": "d3oia8etllorh5.cloudfront.net",
            "cloudfront_distribution_arn": "d3oia8etllorh5.cloudfront.net",
            "cloudfront_distribution_zone_id": "Z2FDTNDATAQYW2",
            "domain": "4nt2nlj8lci4uqk9240i4o30gt",
            "id": "4nt2nlj8lci4uqk9240i4o30gt",
            "s3_bucket": "aws-cognito-prod-iad-assets",
            "user_pool_id": "us-east-1_VdgqnrMfx",
            "version": "20250401205310"
          },
          "sensitive_attributes": [],
          "private": "bnVsbA==",
          "dependencies": [
            "aws_cognito_user_pool.user_pool",
            "aws_cognito_user_pool_client.user_pool_client"
          ]
        }
      ]
    },
    {
      "mode": "managed",
      "type": "aws_dynamodb_table",
      "name": "users_table",
      "provider": "provider[\"registry.terraform.io/hashicorp/aws\"]",
      "instances": [
        {
          "schema_version": 1,
          "attributes": {
            "arn": "arn:aws:dynamodb:us-east-1:703815153181:table/ws-serverless-patterns_Users",
            "attribute": [
              {
                "name": "userid",
                "type": "S"
              }
            ],
            "billing_mode": "PAY_PER_REQUEST",
            "deletion_protection_enabled": false,
            "global_secondary_index": [],
            "hash_key": "userid",
            "id": "ws-serverless-patterns_Users",
            "import_table": [],
            "local_secondary_index": [],
            "name": "ws-serverless-patterns_Users",
            "on_demand_throughput": [],
            "point_in_time_recovery": [
              {
                "enabled": false
              }
            ],
            "range_key": null,
            "read_capacity": 0,
            "replica": [],
            "restore_date_time": null,
            "restore_source_name": null,
            "restore_source_table_arn": null,
            "restore_to_latest_time": null,
            "server_side_encryption": [],
            "stream_arn": "",
            "stream_enabled": false,
            "stream_label": "",
            "stream_view_type": "",
            "table_class": "STANDARD",
            "tags": {},
            "tags_all": {},
            "timeouts": null,
            "ttl": [
              {
                "attribute_name": "",
                "enabled": false
              }
            ],
            "write_capacity": 0
          },
          "sensitive_attributes": [],
          "private": "eyJlMmJmYjczMC1lY2FhLTExZTYtOGY4OC0zNDM2M2JjN2M0YzAiOnsiY3JlYXRlIjoxODAwMDAwMDAwMDAwLCJkZWxldGUiOjYwMDAwMDAwMDAwMCwidXBkYXRlIjozNjAwMDAwMDAwMDAwfSwic2NoZW1hX3ZlcnNpb24iOiIxIn0=",
          "create_before_destroy": true
        }
      ]
    },
    {
      "mode": "managed",
      "type": "aws_iam_policy",
      "name": "userfunctions_lambda_role_policy",
      "provider": "provider[\"registry.terraform.io/hashicorp/aws\"]",
      "instances": [
        {
          "schema_version": 0,
          "attributes": {
            "arn": "arn:aws:iam::703815153181:policy/ws-serverless-patterns_userfunctions_lambda_role_policy",
            "attachment_count": 1,
            "description": "Lambda function policy",
            "id": "arn:aws:iam::703815153181:policy/ws-serverless-patterns_userfunctions_lambda_role_policy",
            "name": "ws-serverless-patterns_userfunctions_lambda_role_policy",
            "name_prefix": "",
            "path": "/",
            "policy": "{\"Statement\":[{\"Action\":[\"dynamodb:GetItem\",\"dynamodb:DeleteItem\",\"dynamodb:PutItem\",\"dynamodb:Scan\",\"dynamodb:Query\",\"dynamodb:UpdateItem\",\"dynamodb:BatchWriteItem\",\"dynamodb:BatchGetItem\",\"dynamodb:DescribeTable\",\"dynamodb:ConditionCheckItem\"],\"Effect\":\"Allow\",\"Resource\":\"arn:*:dynamodb:us-east-1:703815153181:table/ws-serverless-patterns_Users\"},{\"Action\":[\"logs:*\"],\"Effect\":\"Allow\",\"Resource\":\"*\"},{\"Action\":[\"xray:*\"],\"Effect\":\"Allow\",\"Resource\":\"*\"}],\"Version\":\"2012-10-17\"}",
            "policy_id": "ANPA2HXVG6YO7ZD6WFLUC",
            "tags": {},
            "tags_all": {}
          },
          "sensitive_attributes": [],
          "private": "bnVsbA==",
          "dependencies": [
            "aws_dynamodb_table.users_table",
            "data.aws_caller_identity.current"
          ]
        }
      ]
    },
    {
      "mode": "managed",
      "type": "aws_iam_policy_attachment",
      "name": "userfunctions_lambda_attach",
      "provider": "provider[\"registry.terraform.io/hashicorp/aws\"]",
      "instances": [
        {
          "schema_version": 0,
          "attributes": {
            "groups": [],
            "id": "ws-serverless-patterns_userfunctions_lambda_attachment",
            "name": "ws-serverless-patterns_userfunctions_lambda_attachment",
            "policy_arn": "arn:aws:iam::703815153181:policy/ws-serverless-patterns_userfunctions_lambda_role_policy",
            "roles": [
              "ws-serverless-patterns_userfunctions_lambda_role"
            ],
            "users": []
          },
          "sensitive_attributes": [],
          "private": "bnVsbA==",
          "dependencies": [
            "aws_dynamodb_table.users_table",
            "aws_iam_policy.userfunctions_lambda_role_policy",
            "aws_iam_role.userfunctions_lambda_role",
            "data.aws_caller_identity.current"
          ]
        }
      ]
    },
    {
      "mode": "managed",
      "type": "aws_iam_role",
      "name": "userfunctions_lambda_role",
      "provider": "provider[\"registry.terraform.io/hashicorp/aws\"]",
      "instances": [
        {
          "schema_version": 0,
          "attributes": {
            "arn": "arn:aws:iam::703815153181:role/ws-serverless-patterns_userfunctions_lambda_role",
            "assume_role_policy": "{\"Statement\":[{\"Action\":\"sts:AssumeRole\",\"Effect\":\"Allow\",\"Principal\":{\"Service\":\"lambda.amazonaws.com\"}}],\"Version\":\"2012-10-17\"}",
            "create_date": "2025-04-01T20:20:37Z",
            "description": "Lambda function IAM role",
            "force_detach_policies": false,
            "id": "ws-serverless-patterns_userfunctions_lambda_role",
            "inline_policy": [],
            "managed_policy_arns": [
              "arn:aws:iam::703815153181:policy/ws-serverless-patterns_userfunctions_lambda_role_policy"
            ],
            "max_session_duration": 3600,
            "name": "ws-serverless-patterns_userfunctions_lambda_role",
            "name_prefix": "",
            "path": "/",
            "permissions_boundary": "",
            "tags": {},
            "tags_all": {},
            "unique_id": "AROA2HXVG6YO2HSGXXRQO"
          },
          "sensitive_attributes": [],
          "private": "bnVsbA==",
          "create_before_destroy": true
        }
      ]
    },
    {
      "mode": "managed",
      "type": "aws_lambda_function",
      "name": "userfunctions_lambda",
      "provider": "provider[\"registry.terraform.io/hashicorp/aws\"]",
      "instances": [
        {
          "schema_version": 0,
          "attributes": {
            "architectures": [
              "x86_64"
            ],
            "arn": "arn:aws:lambda:us-east-1:703815153181:function:ws-serverless-patterns_userfunctions_lambda",
            "code_sha256": "/v1+gK+T4UmarffUSq5qsS9Het2K7n4RarBwK929/vY=",
            "code_signing_config_arn": "",
            "dead_letter_config": [],
            "description": "Handler for all users related operations",
            "environment": [
              {
                "variables": {
                  "USERS_TABLE": "ws-serverless-patterns_Users"
                }
              }
            ],
            "ephemeral_storage": [
              {
                "size": 512
              }
            ],
            "file_system_config": [],
            "filename": "/tmp/userfunctions_lambda.zip",
            "function_name": "ws-serverless-patterns_userfunctions_lambda",
            "handler": "lambda_function.lambda_handler",
            "id": "ws-serverless-patterns_userfunctions_lambda",
            "image_config": [],
            "image_uri": "",
            "invoke_arn": "arn:aws:apigateway:us-east-1:lambda:path/2015-03-31/functions/arn:aws:lambda:us-east-1:703815153181:function:ws-serverless-patterns_userfunctions_lambda/invocations",
            "kms_key_arn": "",
            "last_modified": "2025-04-01T20:20:45.718+0000",
            "layers": [],
            "logging_config": [
              {
                "application_log_level": "",
                "log_format": "Text",
                "log_group": "/aws/lambda/ws-serverless-patterns_userfunctions_lambda",
                "system_log_level": ""
              }
            ],
            "memory_size": 128,
            "package_type": "Zip",
            "publish": false,
            "qualified_arn": "arn:aws:lambda:us-east-1:703815153181:function:ws-serverless-patterns_userfunctions_lambda:$LATEST",
            "qualified_invoke_arn": "arn:aws:apigateway:us-east-1:lambda:path/2015-03-31/functions/arn:aws:lambda:us-east-1:703815153181:function:ws-serverless-patterns_userfunctions_lambda:$LATEST/invocations",
            "replace_security_groups_on_destroy": null,
            "replacement_security_group_ids": null,
            "reserved_concurrent_executions": -1,
            "role": "arn:aws:iam::703815153181:role/ws-serverless-patterns_userfunctions_lambda_role",
            "runtime": "python3.10",
            "s3_bucket": null,
            "s3_key": null,
            "s3_object_version": null,
            "signing_job_arn": "",
            "signing_profile_version_arn": "",
            "skip_destroy": false,
            "snap_start": [],
            "source_code_hash": "/v1+gK+T4UmarffUSq5qsS9Het2K7n4RarBwK929/vY=",
            "source_code_size": 19714325,
            "tags": {},
            "tags_all": {},
            "timeout": 100,
            "timeouts": null,
            "tracing_config": [
              {
                "mode": "Active"
              }
            ],
            "version": "$LATEST",
            "vpc_config": []
          },
          "sensitive_attributes": [],
          "private": "eyJlMmJmYjczMC1lY2FhLTExZTYtOGY4OC0zNDM2M2JjN2M0YzAiOnsiY3JlYXRlIjo2MDAwMDAwMDAwMDAsImRlbGV0ZSI6NjAwMDAwMDAwMDAwLCJ1cGRhdGUiOjYwMDAwMDAwMDAwMH19",
          "dependencies": [
            "aws_dynamodb_table.users_table",
            "aws_iam_role.userfunctions_lambda_role",
            "data.archive_file.userfunctions_lambda_zip",
            "null_resource.build_dependencies"
          ],
          "create_before_destroy": true
        }
      ]
    },
    {
      "mode": "managed",
      "type": "aws_lambda_permission",
      "name": "allow_apigateway",
      "provider": "provider[\"registry.terraform.io/hashicorp/aws\"]",
      "instances": [
        {
          "schema_version": 0,
          "attributes": {
            "action": "lambda:InvokeFunction",
            "event_source_token": null,
            "function_name": "ws-serverless-patterns_userfunctions_lambda",
            "function_url_auth_type": null,
            "id": "AllowExecutionFromAPIGateway",
            "principal": "apigateway.amazonaws.com",
            "principal_org_id": null,
            "qualifier": "",
            "source_account": null,
            "source_arn": "arn:aws:execute-api:us-east-1:703815153181:i3ijrb2ei6/*/*/*",
            "statement_id": "AllowExecutionFromAPIGateway",
            "statement_id_prefix": ""
          },
          "sensitive_attributes": [],
          "private": "bnVsbA==",
          "dependencies": [
            "aws_api_gateway_rest_api.rest_api",
            "aws_dynamodb_table.users_table",
            "aws_iam_role.userfunctions_lambda_role",
            "aws_lambda_function.userfunctions_lambda",
            "data.archive_file.userfunctions_lambda_zip",
            "null_resource.build_dependencies"
          ]
        }
      ]
    },
    {
      "mode": "managed",
      "type": "null_resource",
      "name": "build_dependencies",
      "provider": "provider[\"registry.terraform.io/hashicorp/null\"]",
      "instances": [
        {
          "schema_version": 0,
          "attributes": {
            "id": "4607338717259221904",
            "triggers": {
              "dependencies": "10d93d56590f4ca8d35b0391545257a5",
              "source": "976e4a6b868c8c27dc7b60bf61cae730"
            }
          },
          "sensitive_attributes": [],
          "create_before_destroy": true
        }
      ]
    }
  ],
  "check_results": null
}
